
Microsoft Visual Studio Solution File, Format Version 12.00
# Visual Studio Version 17
VisualStudioVersion = 17.0.32112.339
MinimumVisualStudioVersion = 10.0.40219.1
Project("{FAE04EC0-301F-11D3-BF4B-00C04F79EFBC}") = "Calculator", "Calculator\Calculator.csproj", "{AA467342-FE1E-4E33-A712-10BD7E908CF7}"
EndProject
Project("{FAE04EC0-301F-11D3-BF4B-00C04F79EFBC}") = "Calculator.Test.Unit", "Calculator.Test.Unit\Calculator.Test.Unit.csproj", "{A0B11C23-8123-4478-99F1-4EE52D6CAFF2}"
EndProject
Global
	GlobalSection(SolutionConfigurationPlatforms) = preSolution
		Debug|Any CPU = Debug|Any CPU
		Release|Any CPU = Release|Any CPU
	EndGlobalSection
	GlobalSection(ProjectConfigurationPlatforms) = postSolution
		{AA467342-FE1E-4E33-A712-10BD7E908CF7}.Debug|Any CPU.ActiveCfg = Debug|Any CPU
		{AA467342-FE1E-4E33-A712-10BD7E908CF7}.Debug|Any CPU.Build.0 = Debug|Any CPU
		{AA467342-FE1E-4E33-A712-10BD7E908CF7}.Release|Any CPU.ActiveCfg = Release|Any CPU
		{AA467342-FE1E-4E33-A712-10BD7E908CF7}.Release|Any CPU.Build.0 = Release|Any CPU
		{A0B11C23-8123-4478-99F1-4EE52D6CAFF2}.Debug|Any CPU.ActiveCfg = Debug|Any CPU
		{A0B11C23-8123-4478-99F1-4EE52D6CAFF2}.Debug|Any CPU.Build.0 = Debug|Any CPU
		{A0B11C23-8123-4478-99F1-4EE52D6CAFF2}.Release|Any CPU.ActiveCfg = Release|Any CPU
		{A0B11C23-8123-4478-99F1-4EE52D6CAFF2}.Release|Any CPU.Build.0 = Release|Any CPU
	EndGlobalSection
	GlobalSection(SolutionProperties) = preSolution
		HideSolutionNode = FALSE
	EndGlobalSection
	GlobalSection(ExtensibilityGlobals) = postSolution
		SolutionGuid = {27926C6D-70EC-4571-BA69-2A8B2EC36883}
	EndGlobalSection
EndGlobal
